
Microsoft Visual Studio Solution File, Format Version 12.00
# Visual Studio Version 17
VisualStudioVersion = 17.1.32203.90
MinimumVisualStudioVersion = 10.0.40219.1
Project("{FAE04EC0-301F-11D3-BF4B-00C04F79EFBC}") = "dvach_stickers_dethumber", "dvach_stickers_dethumber\dvach_stickers_dethumber.csproj", "{94B35E18-8EE7-497E-AAC0-B77832D81A9C}"
EndProject
Global
	GlobalSection(SolutionConfigurationPlatforms) = preSolution
		Debug|Any CPU = Debug|Any CPU
		Release|Any CPU = Release|Any CPU
	EndGlobalSection
	GlobalSection(ProjectConfigurationPlatforms) = postSolution
		{94B35E18-8EE7-497E-AAC0-B77832D81A9C}.Debug|Any CPU.ActiveCfg = Debug|Any CPU
		{94B35E18-8EE7-497E-AAC0-B77832D81A9C}.Debug|Any CPU.Build.0 = Debug|Any CPU
		{94B35E18-8EE7-497E-AAC0-B77832D81A9C}.Release|Any CPU.ActiveCfg = Release|Any CPU
		{94B35E18-8EE7-497E-AAC0-B77832D81A9C}.Release|Any CPU.Build.0 = Release|Any CPU
	EndGlobalSection
	GlobalSection(SolutionProperties) = preSolution
		HideSolutionNode = FALSE
	EndGlobalSection
	GlobalSection(ExtensibilityGlobals) = postSolution
		SolutionGuid = {A8927563-CA0F-4E4F-8D1E-371BFFD3B835}
	EndGlobalSection
EndGlobal
